// !$*UTF8*$!
{
	archiveVersion = 1;
	classes = {
	};
	objectVersion = 56;
	objects = {

/* Begin PBXBuildFile section */
		F1000001 /* IChingApp.swift in Sources */ = {isa = PBXBuildFile; fileRef = F2000001; };
		F1000002 /* ContentView.swift in Sources */ = {isa = PBXBuildFile; fileRef = F2000002; };
		F1000003 /* Color+Theme.swift in Sources */ = {isa = PBXBuildFile; fileRef = F2000003; };
		F1000004 /* View+Extensions.swift in Sources */ = {isa = PBXBuildFile; fileRef = F2000004; };
		F1000005 /* AppSettings.swift in Sources */ = {isa = PBXBuildFile; fileRef = F2000005; };
		F1000006 /* Hexagram.swift in Sources */ = {isa = PBXBuildFile; fileRef = F2000006; };
		F1000007 /* HexagramData1.swift in Sources */ = {isa = PBXBuildFile; fileRef = F2000007; };
		F1000008 /* HexagramData2.swift in Sources */ = {isa = PBXBuildFile; fileRef = F2000008; };
		F1000009 /* HexagramData3.swift in Sources */ = {isa = PBXBuildFile; fileRef = F2000009; };
		F1000010 /* HexagramData4.swift in Sources */ = {isa = PBXBuildFile; fileRef = F2000010; };
		F1000011 /* HexagramLibrary.swift in Sources */ = {isa = PBXBuildFile; fileRef = F2000011; };
		F1000012 /* JournalEntry.swift in Sources */ = {isa = PBXBuildFile; fileRef = F2000012; };
		F1000013 /* Line.swift in Sources */ = {isa = PBXBuildFile; fileRef = F2000013; };
		F1000014 /* Reading.swift in Sources */ = {isa = PBXBuildFile; fileRef = F2000014; };
		F1000015 /* Trigram.swift in Sources */ = {isa = PBXBuildFile; fileRef = F2000015; };
		F1000016 /* CoinFlipAnimator.swift in Sources */ = {isa = PBXBuildFile; fileRef = F2000016; };
		F1000017 /* HapticService.swift in Sources */ = {isa = PBXBuildFile; fileRef = F2000017; };
		F1000018 /* NotificationService.swift in Sources */ = {isa = PBXBuildFile; fileRef = F2000018; };
		F1000019 /* DateFormatters.swift in Sources */ = {isa = PBXBuildFile; fileRef = F2000019; };
		F1000020 /* DivineViewModel.swift in Sources */ = {isa = PBXBuildFile; fileRef = F2000020; };
		F1000021 /* CoinFlipView.swift in Sources */ = {isa = PBXBuildFile; fileRef = F2000021; };
		F1000022 /* HexagramView.swift in Sources */ = {isa = PBXBuildFile; fileRef = F2000022; };
		F1000023 /* HexagramDetailView.swift in Sources */ = {isa = PBXBuildFile; fileRef = F2000023; };
		F1000024 /* JournalEditorView.swift in Sources */ = {isa = PBXBuildFile; fileRef = F2000024; };
		F1000025 /* ManualEntryView.swift in Sources */ = {isa = PBXBuildFile; fileRef = F2000025; };
		F1000026 /* ReadingDetailView.swift in Sources */ = {isa = PBXBuildFile; fileRef = F2000026; };
		F1000027 /* DivineView.swift in Sources */ = {isa = PBXBuildFile; fileRef = F2000027; };
		F1000028 /* HistoryView.swift in Sources */ = {isa = PBXBuildFile; fileRef = F2000028; };
		F1000029 /* JournalListView.swift in Sources */ = {isa = PBXBuildFile; fileRef = F2000029; };
		F1000030 /* LibraryView.swift in Sources */ = {isa = PBXBuildFile; fileRef = F2000030; };
		F1000031 /* SettingsView.swift in Sources */ = {isa = PBXBuildFile; fileRef = F2000031; };
		F1000032 /* HexagramBasicData.swift in Sources */ = {isa = PBXBuildFile; fileRef = F2000032; };
		F1000040 /* IChingError.swift in Sources */ = {isa = PBXBuildFile; fileRef = F2000040; };
		F1000041 /* NavigationCoordinator.swift in Sources */ = {isa = PBXBuildFile; fileRef = F2000041; };
		F1000050 /* Assets.xcassets in Resources */ = {isa = PBXBuildFile; fileRef = F2000050; };
		F1000099 /* hexagrams.json in Resources */ = {isa = PBXBuildFile; fileRef = F2000099; };
/* End PBXBuildFile section */

/* Begin PBXFileReference section */
		F2000001 /* IChingApp.swift */ = {isa = PBXFileReference; lastKnownFileType = sourcecode.swift; path = IChingApp.swift; sourceTree = "<group>"; };
		F2000002 /* ContentView.swift */ = {isa = PBXFileReference; lastKnownFileType = sourcecode.swift; path = ContentView.swift; sourceTree = "<group>"; };
		F2000003 /* Color+Theme.swift */ = {isa = PBXFileReference; lastKnownFileType = sourcecode.swift; path = "Color+Theme.swift"; sourceTree = "<group>"; };
		F2000004 /* View+Extensions.swift */ = {isa = PBXFileReference; lastKnownFileType = sourcecode.swift; path = "View+Extensions.swift"; sourceTree = "<group>"; };
		F2000005 /* AppSettings.swift */ = {isa = PBXFileReference; lastKnownFileType = sourcecode.swift; path = AppSettings.swift; sourceTree = "<group>"; };
		F2000006 /* Hexagram.swift */ = {isa = PBXFileReference; lastKnownFileType = sourcecode.swift; path = Hexagram.swift; sourceTree = "<group>"; };
		F2000007 /* HexagramData1.swift */ = {isa = PBXFileReference; lastKnownFileType = sourcecode.swift; path = HexagramData1.swift; sourceTree = "<group>"; };
		F2000008 /* HexagramData2.swift */ = {isa = PBXFileReference; lastKnownFileType = sourcecode.swift; path = HexagramData2.swift; sourceTree = "<group>"; };
		F2000009 /* HexagramData3.swift */ = {isa = PBXFileReference; lastKnownFileType = sourcecode.swift; path = HexagramData3.swift; sourceTree = "<group>"; };
		F2000010 /* HexagramData4.swift */ = {isa = PBXFileReference; lastKnownFileType = sourcecode.swift; path = HexagramData4.swift; sourceTree = "<group>"; };
		F2000011 /* HexagramLibrary.swift */ = {isa = PBXFileReference; lastKnownFileType = sourcecode.swift; path = HexagramLibrary.swift; sourceTree = "<group>"; };
		F2000012 /* JournalEntry.swift */ = {isa = PBXFileReference; lastKnownFileType = sourcecode.swift; path = JournalEntry.swift; sourceTree = "<group>"; };
		F2000013 /* Line.swift */ = {isa = PBXFileReference; lastKnownFileType = sourcecode.swift; path = Line.swift; sourceTree = "<group>"; };
		F2000014 /* Reading.swift */ = {isa = PBXFileReference; lastKnownFileType = sourcecode.swift; path = Reading.swift; sourceTree = "<group>"; };
		F2000015 /* Trigram.swift */ = {isa = PBXFileReference; lastKnownFileType = sourcecode.swift; path = Trigram.swift; sourceTree = "<group>"; };
		F2000016 /* CoinFlipAnimator.swift */ = {isa = PBXFileReference; lastKnownFileType = sourcecode.swift; path = CoinFlipAnimator.swift; sourceTree = "<group>"; };
		F2000017 /* HapticService.swift */ = {isa = PBXFileReference; lastKnownFileType = sourcecode.swift; path = HapticService.swift; sourceTree = "<group>"; };
		F2000018 /* NotificationService.swift */ = {isa = PBXFileReference; lastKnownFileType = sourcecode.swift; path = NotificationService.swift; sourceTree = "<group>"; };
		F2000019 /* DateFormatters.swift */ = {isa = PBXFileReference; lastKnownFileType = sourcecode.swift; path = DateFormatters.swift; sourceTree = "<group>"; };
		F2000020 /* DivineViewModel.swift */ = {isa = PBXFileReference; lastKnownFileType = sourcecode.swift; path = DivineViewModel.swift; sourceTree = "<group>"; };
		F2000021 /* CoinFlipView.swift */ = {isa = PBXFileReference; lastKnownFileType = sourcecode.swift; path = CoinFlipView.swift; sourceTree = "<group>"; };
		F2000022 /* HexagramView.swift */ = {isa = PBXFileReference; lastKnownFileType = sourcecode.swift; path = HexagramView.swift; sourceTree = "<group>"; };
		F2000023 /* HexagramDetailView.swift */ = {isa = PBXFileReference; lastKnownFileType = sourcecode.swift; path = HexagramDetailView.swift; sourceTree = "<group>"; };
		F2000024 /* JournalEditorView.swift */ = {isa = PBXFileReference; lastKnownFileType = sourcecode.swift; path = JournalEditorView.swift; sourceTree = "<group>"; };
		F2000025 /* ManualEntryView.swift */ = {isa = PBXFileReference; lastKnownFileType = sourcecode.swift; path = ManualEntryView.swift; sourceTree = "<group>"; };
		F2000026 /* ReadingDetailView.swift */ = {isa = PBXFileReference; lastKnownFileType = sourcecode.swift; path = ReadingDetailView.swift; sourceTree = "<group>"; };
		F2000027 /* DivineView.swift */ = {isa = PBXFileReference; lastKnownFileType = sourcecode.swift; path = DivineView.swift; sourceTree = "<group>"; };
		F2000028 /* HistoryView.swift */ = {isa = PBXFileReference; lastKnownFileType = sourcecode.swift; path = HistoryView.swift; sourceTree = "<group>"; };
		F2000029 /* JournalListView.swift */ = {isa = PBXFileReference; lastKnownFileType = sourcecode.swift; path = JournalListView.swift; sourceTree = "<group>"; };
		F2000030 /* LibraryView.swift */ = {isa = PBXFileReference; lastKnownFileType = sourcecode.swift; path = LibraryView.swift; sourceTree = "<group>"; };
		F2000031 /* SettingsView.swift */ = {isa = PBXFileReference; lastKnownFileType = sourcecode.swift; path = SettingsView.swift; sourceTree = "<group>"; };
		F2000032 /* HexagramBasicData.swift */ = {isa = PBXFileReference; lastKnownFileType = sourcecode.swift; name = HexagramBasicData.swift; path = Shared/HexagramBasicData.swift; sourceTree = SOURCE_ROOT; };
		F2000040 /* IChingError.swift */ = {isa = PBXFileReference; lastKnownFileType = sourcecode.swift; path = IChingError.swift; sourceTree = "<group>"; };
		F2000041 /* NavigationCoordinator.swift */ = {isa = PBXFileReference; lastKnownFileType = sourcecode.swift; path = NavigationCoordinator.swift; sourceTree = "<group>"; };
		F2000050 /* Assets.xcassets */ = {isa = PBXFileReference; lastKnownFileType = folder.assetcatalog; path = Assets.xcassets; sourceTree = "<group>"; };
		F2000099 /* hexagrams.json */ = {isa = PBXFileReference; lastKnownFileType = text.json; path = Resources/hexagrams.json; sourceTree = "<group>"; };
		F2000051 /* IChing.app */ = {isa = PBXFileReference; explicitFileType = wrapper.application; includeInIndex = 0; path = IChing.app; sourceTree = BUILT_PRODUCTS_DIR; };
		F2000052 /* IChing.entitlements */ = {isa = PBXFileReference; lastKnownFileType = text.plist.entitlements; path = IChing.entitlements; sourceTree = "<group>"; };
		F2000053 /* Info.plist */ = {isa = PBXFileReference; lastKnownFileType = text.plist.xml; path = Info.plist; sourceTree = "<group>"; };
/* End PBXFileReference section */

/* Begin PBXGroup section */
		F3000000 = {
			isa = PBXGroup;
			children = (
				F3000001 /* IChing */,
				F3000020 /* Shared */,
				F3000099 /* Products */,
			);
			sourceTree = "<group>";
		};
		F3000001 /* IChing */ = {
			isa = PBXGroup;
			children = (
				F3000002 /* App */,
				F3000003 /* Models */,
				F3000004 /* ViewModels */,
				F3000005 /* Views */,
				F3000006 /* Services */,
				F3000007 /* Extensions */,
				F3000008 /* Utilities */,
				F2000050 /* Assets.xcassets */,
				F2000099 /* hexagrams.json */,
				F2000052 /* IChing.entitlements */,
				F2000053 /* Info.plist */,
			);
			path = IChing;
			sourceTree = "<group>";
		};
		F3000002 /* App */ = {
			isa = PBXGroup;
			children = (
				F2000001 /* IChingApp.swift */,
				F2000002 /* ContentView.swift */,
			);
			path = App;
			sourceTree = "<group>";
		};
		F3000003 /* Models */ = {
			isa = PBXGroup;
			children = (
				F2000005 /* AppSettings.swift */,
				F2000006 /* Hexagram.swift */,
				F2000007 /* HexagramData1.swift */,
				F2000008 /* HexagramData2.swift */,
				F2000009 /* HexagramData3.swift */,
				F2000010 /* HexagramData4.swift */,
				F2000011 /* HexagramLibrary.swift */,
				F2000040 /* IChingError.swift */,
				F2000012 /* JournalEntry.swift */,
				F2000013 /* Line.swift */,
				F2000014 /* Reading.swift */,
				F2000015 /* Trigram.swift */,
			);
			path = Models;
			sourceTree = "<group>";
		};
		F3000004 /* ViewModels */ = {
			isa = PBXGroup;
			children = (
				F2000020 /* DivineViewModel.swift */,
			);
			path = ViewModels;
			sourceTree = "<group>";
		};
		F3000005 /* Views */ = {
			isa = PBXGroup;
			children = (
				F3000010 /* Components */,
				F3000011 /* Reading */,
				F3000012 /* Screens */,
			);
			path = Views;
			sourceTree = "<group>";
		};
		F3000006 /* Services */ = {
			isa = PBXGroup;
			children = (
				F2000016 /* CoinFlipAnimator.swift */,
				F2000017 /* HapticService.swift */,
				F2000041 /* NavigationCoordinator.swift */,
				F2000018 /* NotificationService.swift */,
			);
			path = Services;
			sourceTree = "<group>";
		};
		F3000007 /* Extensions */ = {
			isa = PBXGroup;
			children = (
				F2000003 /* Color+Theme.swift */,
				F2000004 /* View+Extensions.swift */,
			);
			path = Extensions;
			sourceTree = "<group>";
		};
		F3000008 /* Utilities */ = {
			isa = PBXGroup;
			children = (
				F2000019 /* DateFormatters.swift */,
			);
			path = Utilities;
			sourceTree = "<group>";
		};
		F3000010 /* Components */ = {
			isa = PBXGroup;
			children = (
				F2000021 /* CoinFlipView.swift */,
				F2000022 /* HexagramView.swift */,
			);
			path = Components;
			sourceTree = "<group>";
		};
		F3000011 /* Reading */ = {
			isa = PBXGroup;
			children = (
				F2000023 /* HexagramDetailView.swift */,
				F2000024 /* JournalEditorView.swift */,
				F2000025 /* ManualEntryView.swift */,
				F2000026 /* ReadingDetailView.swift */,
			);
			path = Reading;
			sourceTree = "<group>";
		};
		F3000012 /* Screens */ = {
			isa = PBXGroup;
			children = (
				F2000027 /* DivineView.swift */,
				F2000028 /* HistoryView.swift */,
				F2000029 /* JournalListView.swift */,
				F2000030 /* LibraryView.swift */,
				F2000031 /* SettingsView.swift */,
			);
			path = Screens;
			sourceTree = "<group>";
		};
		F3000020 /* Shared */ = {
			isa = PBXGroup;
			children = (
				F2000032 /* HexagramBasicData.swift */,
			);
			name = Shared;
			sourceTree = "<group>";
		};
		F3000099 /* Products */ = {
			isa = PBXGroup;
			children = (
				F2000051 /* IChing.app */,
			);
			name = Products;
			sourceTree = "<group>";
		};
/* End PBXGroup section */

/* Begin PBXNativeTarget section */
		F4000000 /* IChing */ = {
			isa = PBXNativeTarget;
			buildConfigurationList = F5000002;
			buildPhases = (
				F4000001 /* Sources */,
				F4000002 /* Frameworks */,
				F4000003 /* Resources */,
			);
			buildRules = (
			);
			dependencies = (
			);
			name = IChing;
			productName = IChing;
			productReference = F2000051 /* IChing.app */;
			productType = "com.apple.product-type.application";
		};
/* End PBXNativeTarget section */

/* Begin PBXProject section */
		F4000010 /* Project object */ = {
			isa = PBXProject;
			attributes = {
				BuildIndependentTargetsInParallel = 1;
				LastSwiftUpdateCheck = 1500;
				LastUpgradeCheck = 1500;
				TargetAttributes = {
					F4000000 = {
						CreatedOnToolsVersion = 15.0;
					};
				};
			};
			buildConfigurationList = F5000000;
			compatibilityVersion = "Xcode 14.0";
			developmentRegion = en;
			hasScannedForEncodings = 0;
			knownRegions = (
				en,
				Base,
				"zh-Hans",
			);
			mainGroup = F3000000;
			productRefGroup = F3000099 /* Products */;
			projectDirPath = "";
			projectRoot = "";
			targets = (
				F4000000 /* IChing */,
			);
		};
/* End PBXProject section */

/* Begin PBXResourcesBuildPhase section */
		F4000003 /* Resources */ = {
			isa = PBXResourcesBuildPhase;
			buildActionMask = 2147483647;
			files = (
				F1000050 /* Assets.xcassets in Resources */,
				F1000099 /* hexagrams.json in Resources */,
			);
			runOnlyForDeploymentPostprocessing = 0;
		};
/* End PBXResourcesBuildPhase section */

/* Begin PBXSourcesBuildPhase section */
		F4000001 /* Sources */ = {
			isa = PBXSourcesBuildPhase;
			buildActionMask = 2147483647;
			files = (
				F1000001 /* IChingApp.swift in Sources */,
				F1000002 /* ContentView.swift in Sources */,
				F1000003 /* Color+Theme.swift in Sources */,
				F1000004 /* View+Extensions.swift in Sources */,
				F1000005 /* AppSettings.swift in Sources */,
				F1000006 /* Hexagram.swift in Sources */,
				F1000007 /* HexagramData1.swift in Sources */,
				F1000008 /* HexagramData2.swift in Sources */,
				F1000009 /* HexagramData3.swift in Sources */,
				F1000010 /* HexagramData4.swift in Sources */,
				F1000011 /* HexagramLibrary.swift in Sources */,
				F1000012 /* JournalEntry.swift in Sources */,
				F1000013 /* Line.swift in Sources */,
				F1000014 /* Reading.swift in Sources */,
				F1000015 /* Trigram.swift in Sources */,
				F1000016 /* CoinFlipAnimator.swift in Sources */,
				F1000017 /* HapticService.swift in Sources */,
				F1000018 /* NotificationService.swift in Sources */,
				F1000019 /* DateFormatters.swift in Sources */,
				F1000020 /* DivineViewModel.swift in Sources */,
				F1000021 /* CoinFlipView.swift in Sources */,
				F1000022 /* HexagramView.swift in Sources */,
				F1000023 /* HexagramDetailView.swift in Sources */,
				F1000024 /* JournalEditorView.swift in Sources */,
				F1000025 /* ManualEntryView.swift in Sources */,
				F1000026 /* ReadingDetailView.swift in Sources */,
				F1000027 /* DivineView.swift in Sources */,
				F1000028 /* HistoryView.swift in Sources */,
				F1000029 /* JournalListView.swift in Sources */,
				F1000030 /* LibraryView.swift in Sources */,
				F1000031 /* SettingsView.swift in Sources */,
				F1000032 /* HexagramBasicData.swift in Sources */,
				F1000040 /* IChingError.swift in Sources */,
				F1000041 /* NavigationCoordinator.swift in Sources */,
			);
			runOnlyForDeploymentPostprocessing = 0;
		};
/* End PBXSourcesBuildPhase section */

/* Begin PBXFrameworksBuildPhase section */
		F4000002 /* Frameworks */ = {
			isa = PBXFrameworksBuildPhase;
			buildActionMask = 2147483647;
			files = (
			);
			runOnlyForDeploymentPostprocessing = 0;
		};
/* End PBXFrameworksBuildPhase section */

/* Begin XCBuildConfiguration section */
		F5000001 /* Debug */ = {
			isa = XCBuildConfiguration;
			buildSettings = {
				ALWAYS_SEARCH_USER_PATHS = NO;
				ASSETCATALOG_COMPILER_GENERATE_SWIFT_ASSET_SYMBOL_EXTENSIONS = YES;
				CLANG_ANALYZER_NONNULL = YES;
				CLANG_ANALYZER_NUMBER_OBJECT_CONVERSION = YES_AGGRESSIVE;
				CLANG_CXX_LANGUAGE_STANDARD = "gnu++20";
				CLANG_ENABLE_MODULES = YES;
				CLANG_ENABLE_OBJC_ARC = YES;
				CLANG_ENABLE_OBJC_WEAK = YES;
				CLANG_WARN_BLOCK_CAPTURE_AUTORELEASING = YES;
				CLANG_WARN_BOOL_CONVERSION = YES;
				CLANG_WARN_COMMA = YES;
				CLANG_WARN_CONSTANT_CONVERSION = YES;
				CLANG_WARN_DEPRECATED_OBJC_IMPLEMENTATIONS = YES;
				CLANG_WARN_DIRECT_OBJC_ISA_USAGE = YES_ERROR;
				CLANG_WARN_DOCUMENTATION_COMMENTS = YES;
				CLANG_WARN_EMPTY_BODY = YES;
				CLANG_WARN_ENUM_CONVERSION = YES;
				CLANG_WARN_INFINITE_RECURSION = YES;
				CLANG_WARN_INT_CONVERSION = YES;
				CLANG_WARN_NON_LITERAL_NULL_CONVERSION = YES;
				CLANG_WARN_OBJC_IMPLICIT_RETAIN_SELF = YES;
				CLANG_WARN_OBJC_LITERAL_CONVERSION = YES;
				CLANG_WARN_OBJC_ROOT_CLASS = YES_ERROR;
				CLANG_WARN_QUOTED_INCLUDE_IN_FRAMEWORK_HEADER = YES;
				CLANG_WARN_RANGE_LOOP_ANALYSIS = YES;
				CLANG_WARN_STRICT_PROTOTYPES = YES;
				CLANG_WARN_SUSPICIOUS_MOVE = YES;
				CLANG_WARN_UNGUARDED_AVAILABILITY = YES_AGGRESSIVE;
				CLANG_WARN_UNREACHABLE_CODE = YES;
				CLANG_WARN__DUPLICATE_METHOD_MATCH = YES;
				COPY_PHASE_STRIP = NO;
				DEBUG_INFORMATION_FORMAT = dwarf;
				ENABLE_STRICT_OBJC_MSGSEND = YES;
				ENABLE_TESTABILITY = YES;
				ENABLE_USER_SCRIPT_SANDBOXING = YES;
				GCC_C_LANGUAGE_STANDARD = gnu17;
				GCC_DYNAMIC_NO_PIC = NO;
				GCC_NO_COMMON_BLOCKS = YES;
				GCC_OPTIMIZATION_LEVEL = 0;
				GCC_PREPROCESSOR_DEFINITIONS = (
					"DEBUG=1",
					"$(inherited)",
				);
				GCC_WARN_64_TO_32_BIT_CONVERSION = YES;
				GCC_WARN_ABOUT_RETURN_TYPE = YES_ERROR;
				GCC_WARN_UNDECLARED_SELECTOR = YES;
				GCC_WARN_UNINITIALIZED_AUTOS = YES_AGGRESSIVE;
				GCC_WARN_UNUSED_FUNCTION = YES;
				GCC_WARN_UNUSED_VARIABLE = YES;
				LOCALIZATION_PREFERS_STRING_CATALOGS = YES;
				MTL_ENABLE_DEBUG_INFO = INCLUDE_SOURCE;
				MTL_FAST_MATH = YES;
				ONLY_ACTIVE_ARCH = YES;
				SWIFT_ACTIVE_COMPILATION_CONDITIONS = "DEBUG $(inherited)";
				SWIFT_OPTIMIZATION_LEVEL = "-Onone";
			};
			name = Debug;
		};
		F5000003 /* Release */ = {
			isa = XCBuildConfiguration;
			buildSettings = {
				ALWAYS_SEARCH_USER_PATHS = NO;
				ASSETCATALOG_COMPILER_GENERATE_SWIFT_ASSET_SYMBOL_EXTENSIONS = YES;
				CLANG_ANALYZER_NONNULL = YES;
				CLANG_ANALYZER_NUMBER_OBJECT_CONVERSION = YES_AGGRESSIVE;
				CLANG_CXX_LANGUAGE_STANDARD = "gnu++20";
				CLANG_ENABLE_MODULES = YES;
				CLANG_ENABLE_OBJC_ARC = YES;
				CLANG_ENABLE_OBJC_WEAK = YES;
				CLANG_WARN_BLOCK_CAPTURE_AUTORELEASING = YES;
				CLANG_WARN_BOOL_CONVERSION = YES;
				CLANG_WARN_COMMA = YES;
				CLANG_WARN_CONSTANT_CONVERSION = YES;
				CLANG_WARN_DEPRECATED_OBJC_IMPLEMENTATIONS = YES;
				CLANG_WARN_DIRECT_OBJC_ISA_USAGE = YES_ERROR;
				CLANG_WARN_DOCUMENTATION_COMMENTS = YES;
				CLANG_WARN_EMPTY_BODY = YES;
				CLANG_WARN_ENUM_CONVERSION = YES;
				CLANG_WARN_INFINITE_RECURSION = YES;
				CLANG_WARN_INT_CONVERSION = YES;
				CLANG_WARN_NON_LITERAL_NULL_CONVERSION = YES;
				CLANG_WARN_OBJC_IMPLICIT_RETAIN_SELF = YES;
				CLANG_WARN_OBJC_LITERAL_CONVERSION = YES;
				CLANG_WARN_OBJC_ROOT_CLASS = YES_ERROR;
				CLANG_WARN_QUOTED_INCLUDE_IN_FRAMEWORK_HEADER = YES;
				CLANG_WARN_RANGE_LOOP_ANALYSIS = YES;
				CLANG_WARN_STRICT_PROTOTYPES = YES;
				CLANG_WARN_SUSPICIOUS_MOVE = YES;
				CLANG_WARN_UNGUARDED_AVAILABILITY = YES_AGGRESSIVE;
				CLANG_WARN_UNREACHABLE_CODE = YES;
				CLANG_WARN__DUPLICATE_METHOD_MATCH = YES;
				COPY_PHASE_STRIP = NO;
				DEBUG_INFORMATION_FORMAT = "dwarf-with-dsym";
				ENABLE_NS_ASSERTIONS = NO;
				ENABLE_STRICT_OBJC_MSGSEND = YES;
				ENABLE_USER_SCRIPT_SANDBOXING = YES;
				GCC_C_LANGUAGE_STANDARD = gnu17;
				GCC_NO_COMMON_BLOCKS = YES;
				GCC_WARN_64_TO_32_BIT_CONVERSION = YES;
				GCC_WARN_ABOUT_RETURN_TYPE = YES_ERROR;
				GCC_WARN_UNDECLARED_SELECTOR = YES;
				GCC_WARN_UNINITIALIZED_AUTOS = YES_AGGRESSIVE;
				GCC_WARN_UNUSED_FUNCTION = YES;
				GCC_WARN_UNUSED_VARIABLE = YES;
				LOCALIZATION_PREFERS_STRING_CATALOGS = YES;
				MTL_ENABLE_DEBUG_INFO = NO;
				MTL_FAST_MATH = YES;
				SWIFT_COMPILATION_MODE = wholemodule;
			};
			name = Release;
		};
		F5000004 /* Debug */ = {
			isa = XCBuildConfiguration;
			buildSettings = {
				ASSETCATALOG_COMPILER_APPICON_NAME = AppIcon;
				ASSETCATALOG_COMPILER_GLOBAL_ACCENT_COLOR_NAME = AccentColor;
				CODE_SIGN_ENTITLEMENTS = IChing/IChing.entitlements;
				CODE_SIGN_STYLE = Automatic;
				CURRENT_PROJECT_VERSION = 1;
				DEVELOPMENT_ASSET_PATHS = "\"IChing/Preview Content\"";
				ENABLE_HARDENED_RUNTIME = YES;
				ENABLE_PREVIEWS = YES;
				GENERATE_INFOPLIST_FILE = YES;
				INFOPLIST_FILE = IChing/Info.plist;
				INFOPLIST_KEY_CFBundleDisplayName = "易經";
				INFOPLIST_KEY_LSApplicationCategoryType = "public.app-category.lifestyle";
				"INFOPLIST_KEY_UIApplicationSceneManifest_Generation[sdk=iphoneos*]" = YES;
				"INFOPLIST_KEY_UIApplicationSceneManifest_Generation[sdk=iphonesimulator*]" = YES;
				INFOPLIST_KEY_UIApplicationSupportsIndirectInputEvents = YES;
				INFOPLIST_KEY_UILaunchScreen_Generation = YES;
				INFOPLIST_KEY_UISupportedInterfaceOrientations_iPad = "UIInterfaceOrientationPortrait UIInterfaceOrientationPortraitUpsideDown UIInterfaceOrientationLandscapeLeft UIInterfaceOrientationLandscapeRight";
				INFOPLIST_KEY_UISupportedInterfaceOrientations_iPhone = "UIInterfaceOrientationPortrait UIInterfaceOrientationLandscapeLeft UIInterfaceOrientationLandscapeRight";
				IPHONEOS_DEPLOYMENT_TARGET = 17.0;
				LD_RUNPATH_SEARCH_PATHS = "@executable_path/Frameworks";
				"LD_RUNPATH_SEARCH_PATHS[sdk=macosx*]" = "@executable_path/../Frameworks";
				MACOSX_DEPLOYMENT_TARGET = 14.0;
				MARKETING_VERSION = 1.0;
				PRODUCT_BUNDLE_IDENTIFIER = com.iching.app;
				PRODUCT_NAME = "$(TARGET_NAME)";
				SDKROOT = auto;
				SUPPORTED_PLATFORMS = "iphoneos iphonesimulator macosx";
				SWIFT_EMIT_LOC_STRINGS = YES;
				SWIFT_VERSION = 5.0;
				TARGETED_DEVICE_FAMILY = "1,2";
			};
			name = Debug;
		};
		F5000005 /* Release */ = {
			isa = XCBuildConfiguration;
			buildSettings = {
				ASSETCATALOG_COMPILER_APPICON_NAME = AppIcon;
				ASSETCATALOG_COMPILER_GLOBAL_ACCENT_COLOR_NAME = AccentColor;
				CODE_SIGN_ENTITLEMENTS = IChing/IChing.entitlements;
				CODE_SIGN_STYLE = Automatic;
				CURRENT_PROJECT_VERSION = 1;
				DEVELOPMENT_ASSET_PATHS = "\"IChing/Preview Content\"";
				ENABLE_HARDENED_RUNTIME = YES;
				ENABLE_PREVIEWS = YES;
				GENERATE_INFOPLIST_FILE = YES;
				INFOPLIST_FILE = IChing/Info.plist;
				INFOPLIST_KEY_CFBundleDisplayName = "易經";
				INFOPLIST_KEY_LSApplicationCategoryType = "public.app-category.lifestyle";
				"INFOPLIST_KEY_UIApplicationSceneManifest_Generation[sdk=iphoneos*]" = YES;
				"INFOPLIST_KEY_UIApplicationSceneManifest_Generation[sdk=iphonesimulator*]" = YES;
				INFOPLIST_KEY_UIApplicationSupportsIndirectInputEvents = YES;
				INFOPLIST_KEY_UILaunchScreen_Generation = YES;
				INFOPLIST_KEY_UISupportedInterfaceOrientations_iPad = "UIInterfaceOrientationPortrait UIInterfaceOrientationPortraitUpsideDown UIInterfaceOrientationLandscapeLeft UIInterfaceOrientationLandscapeRight";
				INFOPLIST_KEY_UISupportedInterfaceOrientations_iPhone = "UIInterfaceOrientationPortrait UIInterfaceOrientationLandscapeLeft UIInterfaceOrientationLandscapeRight";
				IPHONEOS_DEPLOYMENT_TARGET = 17.0;
				LD_RUNPATH_SEARCH_PATHS = "@executable_path/Frameworks";
				"LD_RUNPATH_SEARCH_PATHS[sdk=macosx*]" = "@executable_path/../Frameworks";
				MACOSX_DEPLOYMENT_TARGET = 14.0;
				MARKETING_VERSION = 1.0;
				PRODUCT_BUNDLE_IDENTIFIER = com.iching.app;
				PRODUCT_NAME = "$(TARGET_NAME)";
				SDKROOT = auto;
				SUPPORTED_PLATFORMS = "iphoneos iphonesimulator macosx";
				SWIFT_EMIT_LOC_STRINGS = YES;
				SWIFT_VERSION = 5.0;
				TARGETED_DEVICE_FAMILY = "1,2";
			};
			name = Release;
		};
/* End XCBuildConfiguration section */

/* Begin XCConfigurationList section */
		F5000000 /* Build configuration list for PBXProject */ = {
			isa = XCConfigurationList;
			buildConfigurations = (
				F5000001 /* Debug */,
				F5000003 /* Release */,
			);
			defaultConfigurationIsVisible = 0;
			defaultConfigurationName = Release;
		};
		F5000002 /* Build configuration list for PBXNativeTarget */ = {
			isa = XCConfigurationList;
			buildConfigurations = (
				F5000004 /* Debug */,
				F5000005 /* Release */,
			);
			defaultConfigurationIsVisible = 0;
			defaultConfigurationName = Release;
		};
/* End XCConfigurationList section */
	};
	rootObject = F4000010 /* Project object */;
}
